
Microsoft Visual Studio Solution File, Format Version 12.00
# Visual Studio Version 17
VisualStudioVersion = 17.9.34407.89
MinimumVisualStudioVersion = 10.0.40219.1
Project("{2150E333-8FDC-42A3-9474-1A3956D46DE8}") = "Projects", "Projects", "{B3DE880C-B2D5-4C7C-9A76-4D2B470DECF2}"
EndProject
Project("{2150E333-8FDC-42A3-9474-1A3956D46DE8}") = "Resources", "Resources", "{91195DAC-3A9A-4D21-B6D5-CE922C480F6C}"
	ProjectSection(SolutionItems) = preProject
		Resources\cheetah.ico = Resources\cheetah.ico
		Resources\penguin.ico = Resources\penguin.ico
	EndProjectSection
EndProject
Project("{2150E333-8FDC-42A3-9474-1A3956D46DE8}") = "Solution Items", "Solution Items", "{BD751421-4017-4065-9904-9EC863F224BB}"
	ProjectSection(SolutionItems) = preProject
		.gitignore = .gitignore
		.vsconfig = .vsconfig
		craig.vs2022.vssettings = craig.vs2022.vssettings
		LICENSE.md = LICENSE.md
		README.md = README.md
		ROADMAP.md = ROADMAP.md
	EndProjectSection
EndProject
Project("{2150E333-8FDC-42A3-9474-1A3956D46DE8}") = "Craigs Public Repos", "Craigs Public Repos", "{CBC805A1-20D2-49A9-94E2-BAAB19163620}"
EndProject
Project("{2150E333-8FDC-42A3-9474-1A3956D46DE8}") = "Wandering Cheetah", "Wandering Cheetah", "{402BAB3B-7317-47AC-97A9-3B812C51FFF1}"
EndProject
Project("{9A19103F-16F7-4668-BE54-9A1E7A4F7556}") = "CraigsSuperSolution", "CraigsSuperSolution.csproj", "{19792742-EA74-4A80-B63A-C4C80C32A3B9}"
EndProject
Project("{2150E333-8FDC-42A3-9474-1A3956D46DE8}") = "Default", "Default", "{76CAA5BA-76AA-48F3-A410-10F60F280616}"
	ProjectSection(SolutionItems) = preProject
		Default\BaseProject.csproj = Default\BaseProject.csproj
		Default\Console.csproj = Default\Console.csproj
		Default\Library.csproj = Default\Library.csproj
		Default\Tool.csproj = Default\Tool.csproj
	EndProjectSection
EndProject
Global
	GlobalSection(SolutionConfigurationPlatforms) = preSolution
		Debug|Any CPU = Debug|Any CPU
		Release|Any CPU = Release|Any CPU
	EndGlobalSection
	GlobalSection(ProjectConfigurationPlatforms) = postSolution
		{19792742-EA74-4A80-B63A-C4C80C32A3B9}.Debug|Any CPU.ActiveCfg = Debug|Windows
		{19792742-EA74-4A80-B63A-C4C80C32A3B9}.Debug|Any CPU.Build.0 = Debug|Windows
		{19792742-EA74-4A80-B63A-C4C80C32A3B9}.Release|Any CPU.ActiveCfg = Release|Windows
		{19792742-EA74-4A80-B63A-C4C80C32A3B9}.Release|Any CPU.Build.0 = Release|Windows
	EndGlobalSection
	GlobalSection(SolutionProperties) = preSolution
		HideSolutionNode = FALSE
	EndGlobalSection
	GlobalSection(NestedProjects) = preSolution
		{91195DAC-3A9A-4D21-B6D5-CE922C480F6C} = {BD751421-4017-4065-9904-9EC863F224BB}
		{CBC805A1-20D2-49A9-94E2-BAAB19163620} = {B3DE880C-B2D5-4C7C-9A76-4D2B470DECF2}
		{402BAB3B-7317-47AC-97A9-3B812C51FFF1} = {B3DE880C-B2D5-4C7C-9A76-4D2B470DECF2}
		{76CAA5BA-76AA-48F3-A410-10F60F280616} = {BD751421-4017-4065-9904-9EC863F224BB}
	EndGlobalSection
	GlobalSection(ExtensibilityGlobals) = postSolution
		SolutionGuid = {7720D9A0-E33D-496F-B52B-2D00DD8FE63E}
	EndGlobalSection
EndGlobal
